
Microsoft Visual Studio Solution File, Format Version 12.00
# Visual Studio Version 17
VisualStudioVersion = 17.8.34330.188
MinimumVisualStudioVersion = 10.0.40219.1
Project("{FAE04EC0-301F-11D3-BF4B-00C04F79EFBC}") = "Countdown", "Countdown\Countdown.csproj", "{BB4FA9A9-6638-4546-AD9F-2AD15B0C6079}"
EndProject
Global
	GlobalSection(SolutionConfigurationPlatforms) = preSolution
		Debug|Any CPU = Debug|Any CPU
		Release|Any CPU = Release|Any CPU
	EndGlobalSection
	GlobalSection(ProjectConfigurationPlatforms) = postSolution
		{BB4FA9A9-6638-4546-AD9F-2AD15B0C6079}.Debug|Any CPU.ActiveCfg = Debug|Any CPU
		{BB4FA9A9-6638-4546-AD9F-2AD15B0C6079}.Debug|Any CPU.Build.0 = Debug|Any CPU
		{BB4FA9A9-6638-4546-AD9F-2AD15B0C6079}.Debug|Any CPU.Deploy.0 = Debug|Any CPU
		{BB4FA9A9-6638-4546-AD9F-2AD15B0C6079}.Release|Any CPU.ActiveCfg = Release|Any CPU
		{BB4FA9A9-6638-4546-AD9F-2AD15B0C6079}.Release|Any CPU.Build.0 = Release|Any CPU
		{BB4FA9A9-6638-4546-AD9F-2AD15B0C6079}.Release|Any CPU.Deploy.0 = Release|Any CPU
	EndGlobalSection
	GlobalSection(SolutionProperties) = preSolution
		HideSolutionNode = FALSE
	EndGlobalSection
	GlobalSection(ExtensibilityGlobals) = postSolution
		SolutionGuid = {CF45DA7C-025D-4F91-96B2-DA00EED3A7EC}
	EndGlobalSection
EndGlobal
